
Microsoft Visual Studio Solution File, Format Version 12.00
# Visual Studio 14
VisualStudioVersion = 14.0.25420.1
MinimumVisualStudioVersion = 10.0.40219.1
Project("{FAE04EC0-301F-11D3-BF4B-00C04F79EFBC}") = "SmartHomeProject", "SmartHomeProject\SmartHomeProject.csproj", "{76B1029E-F555-4FB8-93DC-137A88E5B311}"
EndProject
Project("{FAE04EC0-301F-11D3-BF4B-00C04F79EFBC}") = "DataLibrary", "DataLibrary\DataLibrary.csproj", "{5F4AC150-9B46-4DC5-B700-0B780F32A1E8}"
EndProject
Global
	GlobalSection(SolutionConfigurationPlatforms) = preSolution
		Debug|Any CPU = Debug|Any CPU
		Release|Any CPU = Release|Any CPU
	EndGlobalSection
	GlobalSection(ProjectConfigurationPlatforms) = postSolution
		{76B1029E-F555-4FB8-93DC-137A88E5B311}.Debug|Any CPU.ActiveCfg = Debug|Any CPU
		{76B1029E-F555-4FB8-93DC-137A88E5B311}.Debug|Any CPU.Build.0 = Debug|Any CPU
		{76B1029E-F555-4FB8-93DC-137A88E5B311}.Release|Any CPU.ActiveCfg = Release|Any CPU
		{76B1029E-F555-4FB8-93DC-137A88E5B311}.Release|Any CPU.Build.0 = Release|Any CPU
		{5F4AC150-9B46-4DC5-B700-0B780F32A1E8}.Debug|Any CPU.ActiveCfg = Debug|Any CPU
		{5F4AC150-9B46-4DC5-B700-0B780F32A1E8}.Debug|Any CPU.Build.0 = Debug|Any CPU
		{5F4AC150-9B46-4DC5-B700-0B780F32A1E8}.Release|Any CPU.ActiveCfg = Release|Any CPU
		{5F4AC150-9B46-4DC5-B700-0B780F32A1E8}.Release|Any CPU.Build.0 = Release|Any CPU
	EndGlobalSection
	GlobalSection(SolutionProperties) = preSolution
		HideSolutionNode = FALSE
	EndGlobalSection
EndGlobal
